{
  "version": 4,
  "terraform_version": "1.6.1",
  "serial": 1953,
  "lineage": "a156e4ef-d08f-df69-c70a-62ef0b88af02",
  "outputs": {},
  "resources": [
    {
      "module": "module.project-init",
      "mode": "data",
      "type": "google_project",
      "name": "my_project",
      "provider": "provider[\"registry.terraform.io/hashicorp/google\"]",
      "instances": [
        {
          "schema_version": 0,
          "attributes": {
            "auto_create_network": null,
            "billing_account": null,
            "folder_id": null,
            "id": "projects/ask-proj-25",
            "labels": {},
            "name": "ask-proj-25",
            "number": "207313648487",
            "org_id": null,
            "project_id": "ask-proj-25",
            "skip_delete": null
          },
          "sensitive_attributes": []
        }
      ]
    },
    {
      "module": "module.project-init",
      "mode": "managed",
      "type": "google_project_iam_member",
      "name": "sa_core-viewer-binding",
      "provider": "provider[\"registry.terraform.io/hashicorp/google\"]",
      "instances": [
        {
          "schema_version": 0,
          "attributes": {
            "condition": [],
            "etag": "BwYIg98VHG0=",
            "id": "ask-proj-25/roles/viewer/serviceAccount:gcp-25-core-viewer@ask-proj-25.iam.gserviceaccount.com",
            "member": "serviceAccount:gcp-25-core-viewer@ask-proj-25.iam.gserviceaccount.com",
            "project": "ask-proj-25",
            "role": "roles/viewer"
          },
          "sensitive_attributes": [],
          "private": "bnVsbA==",
          "dependencies": [
            "module.project-init.google_service_account.sa_core_viewer"
          ]
        }
      ]
    },
    {
      "module": "module.project-init",
      "mode": "managed",
      "type": "google_project_service",
      "name": "gcp_services_enable",
      "provider": "provider[\"registry.terraform.io/hashicorp/google\"]",
      "instances": [
        {
          "index_key": "storage.googleapis.com",
          "schema_version": 0,
          "attributes": {
            "disable_dependent_services": null,
            "disable_on_destroy": false,
            "id": "ask-proj-25/storage.googleapis.com",
            "project": "ask-proj-25",
            "service": "storage.googleapis.com",
            "timeouts": null
          },
          "sensitive_attributes": [],
          "private": "eyJlMmJmYjczMC1lY2FhLTExZTYtOGY4OC0zNDM2M2JjN2M0YzAiOnsiY3JlYXRlIjoxMjAwMDAwMDAwMDAwLCJkZWxldGUiOjEyMDAwMDAwMDAwMDAsInJlYWQiOjYwMDAwMDAwMDAwMCwidXBkYXRlIjoxMjAwMDAwMDAwMDAwfX0=",
          "dependencies": [
            "module.project-init.data.google_project.my_project",
            "module.project-init.google_project_service.gcp_services_enable_default"
          ]
        }
      ]
    },
    {
      "module": "module.project-init",
      "mode": "managed",
      "type": "google_project_service",
      "name": "gcp_services_enable_default",
      "provider": "provider[\"registry.terraform.io/hashicorp/google\"]",
      "instances": [
        {
          "index_key": "cloudapis.googleapis.com",
          "schema_version": 0,
          "attributes": {
            "disable_dependent_services": null,
            "disable_on_destroy": false,
            "id": "ask-proj-25/cloudapis.googleapis.com",
            "project": "ask-proj-25",
            "service": "cloudapis.googleapis.com",
            "timeouts": null
          },
          "sensitive_attributes": [],
          "private": "eyJlMmJmYjczMC1lY2FhLTExZTYtOGY4OC0zNDM2M2JjN2M0YzAiOnsiY3JlYXRlIjoxMjAwMDAwMDAwMDAwLCJkZWxldGUiOjEyMDAwMDAwMDAwMDAsInJlYWQiOjYwMDAwMDAwMDAwMCwidXBkYXRlIjoxMjAwMDAwMDAwMDAwfX0=",
          "dependencies": [
            "module.project-init.data.google_project.my_project"
          ]
        },
        {
          "index_key": "cloudresourcemanager.googleapis.com",
          "schema_version": 0,
          "attributes": {
            "disable_dependent_services": null,
            "disable_on_destroy": false,
            "id": "ask-proj-25/cloudresourcemanager.googleapis.com",
            "project": "ask-proj-25",
            "service": "cloudresourcemanager.googleapis.com",
            "timeouts": null
          },
          "sensitive_attributes": [],
          "private": "eyJlMmJmYjczMC1lY2FhLTExZTYtOGY4OC0zNDM2M2JjN2M0YzAiOnsiY3JlYXRlIjoxMjAwMDAwMDAwMDAwLCJkZWxldGUiOjEyMDAwMDAwMDAwMDAsInJlYWQiOjYwMDAwMDAwMDAwMCwidXBkYXRlIjoxMjAwMDAwMDAwMDAwfX0=",
          "dependencies": [
            "module.project-init.data.google_project.my_project"
          ]
        },
        {
          "index_key": "compute.googleapis.com",
          "schema_version": 0,
          "attributes": {
            "disable_dependent_services": null,
            "disable_on_destroy": false,
            "id": "ask-proj-25/compute.googleapis.com",
            "project": "ask-proj-25",
            "service": "compute.googleapis.com",
            "timeouts": null
          },
          "sensitive_attributes": [],
          "private": "eyJlMmJmYjczMC1lY2FhLTExZTYtOGY4OC0zNDM2M2JjN2M0YzAiOnsiY3JlYXRlIjoxMjAwMDAwMDAwMDAwLCJkZWxldGUiOjEyMDAwMDAwMDAwMDAsInJlYWQiOjYwMDAwMDAwMDAwMCwidXBkYXRlIjoxMjAwMDAwMDAwMDAwfX0=",
          "dependencies": [
            "module.project-init.data.google_project.my_project"
          ]
        },
        {
          "index_key": "iam.googleapis.com",
          "schema_version": 0,
          "attributes": {
            "disable_dependent_services": null,
            "disable_on_destroy": false,
            "id": "ask-proj-25/iam.googleapis.com",
            "project": "ask-proj-25",
            "service": "iam.googleapis.com",
            "timeouts": null
          },
          "sensitive_attributes": [],
          "private": "eyJlMmJmYjczMC1lY2FhLTExZTYtOGY4OC0zNDM2M2JjN2M0YzAiOnsiY3JlYXRlIjoxMjAwMDAwMDAwMDAwLCJkZWxldGUiOjEyMDAwMDAwMDAwMDAsInJlYWQiOjYwMDAwMDAwMDAwMCwidXBkYXRlIjoxMjAwMDAwMDAwMDAwfX0=",
          "dependencies": [
            "module.project-init.data.google_project.my_project"
          ]
        },
        {
          "index_key": "logging.googleapis.com",
          "schema_version": 0,
          "attributes": {
            "disable_dependent_services": null,
            "disable_on_destroy": false,
            "id": "ask-proj-25/logging.googleapis.com",
            "project": "ask-proj-25",
            "service": "logging.googleapis.com",
            "timeouts": null
          },
          "sensitive_attributes": [],
          "private": "eyJlMmJmYjczMC1lY2FhLTExZTYtOGY4OC0zNDM2M2JjN2M0YzAiOnsiY3JlYXRlIjoxMjAwMDAwMDAwMDAwLCJkZWxldGUiOjEyMDAwMDAwMDAwMDAsInJlYWQiOjYwMDAwMDAwMDAwMCwidXBkYXRlIjoxMjAwMDAwMDAwMDAwfX0=",
          "dependencies": [
            "module.project-init.data.google_project.my_project"
          ]
        },
        {
          "index_key": "monitoring.googleapis.com",
          "schema_version": 0,
          "attributes": {
            "disable_dependent_services": null,
            "disable_on_destroy": false,
            "id": "ask-proj-25/monitoring.googleapis.com",
            "project": "ask-proj-25",
            "service": "monitoring.googleapis.com",
            "timeouts": null
          },
          "sensitive_attributes": [],
          "private": "eyJlMmJmYjczMC1lY2FhLTExZTYtOGY4OC0zNDM2M2JjN2M0YzAiOnsiY3JlYXRlIjoxMjAwMDAwMDAwMDAwLCJkZWxldGUiOjEyMDAwMDAwMDAwMDAsInJlYWQiOjYwMDAwMDAwMDAwMCwidXBkYXRlIjoxMjAwMDAwMDAwMDAwfX0=",
          "dependencies": [
            "module.project-init.data.google_project.my_project"
          ]
        },
        {
          "index_key": "oslogin.googleapis.com",
          "schema_version": 0,
          "attributes": {
            "disable_dependent_services": null,
            "disable_on_destroy": false,
            "id": "ask-proj-25/oslogin.googleapis.com",
            "project": "ask-proj-25",
            "service": "oslogin.googleapis.com",
            "timeouts": null
          },
          "sensitive_attributes": [],
          "private": "eyJlMmJmYjczMC1lY2FhLTExZTYtOGY4OC0zNDM2M2JjN2M0YzAiOnsiY3JlYXRlIjoxMjAwMDAwMDAwMDAwLCJkZWxldGUiOjEyMDAwMDAwMDAwMDAsInJlYWQiOjYwMDAwMDAwMDAwMCwidXBkYXRlIjoxMjAwMDAwMDAwMDAwfX0=",
          "dependencies": [
            "module.project-init.data.google_project.my_project"
          ]
        }
      ]
    },
    {
      "module": "module.project-init",
      "mode": "managed",
      "type": "google_service_account",
      "name": "custom_sa",
      "provider": "provider[\"registry.terraform.io/hashicorp/google\"]",
      "instances": [
        {
          "index_key": "test-run",
          "schema_version": 0,
          "attributes": {
            "account_id": "test-run",
            "description": "test-run",
            "disabled": false,
            "display_name": "",
            "email": "test-run@ask-proj-25.iam.gserviceaccount.com",
            "id": "projects/ask-proj-25/serviceAccounts/test-run@ask-proj-25.iam.gserviceaccount.com",
            "member": "serviceAccount:test-run@ask-proj-25.iam.gserviceaccount.com",
            "name": "projects/ask-proj-25/serviceAccounts/test-run@ask-proj-25.iam.gserviceaccount.com",
            "project": "ask-proj-25",
            "timeouts": null,
            "unique_id": "105201957617280802021"
          },
          "sensitive_attributes": [],
          "private": "eyJlMmJmYjczMC1lY2FhLTExZTYtOGY4OC0zNDM2M2JjN2M0YzAiOnsiY3JlYXRlIjozMDAwMDAwMDAwMDB9fQ=="
        },
        {
          "index_key": "test-vm",
          "schema_version": 0,
          "attributes": {
            "account_id": "test-vm",
            "description": "test-vm",
            "disabled": false,
            "display_name": "",
            "email": "test-vm@ask-proj-25.iam.gserviceaccount.com",
            "id": "projects/ask-proj-25/serviceAccounts/test-vm@ask-proj-25.iam.gserviceaccount.com",
            "member": "serviceAccount:test-vm@ask-proj-25.iam.gserviceaccount.com",
            "name": "projects/ask-proj-25/serviceAccounts/test-vm@ask-proj-25.iam.gserviceaccount.com",
            "project": "ask-proj-25",
            "timeouts": null,
            "unique_id": "101351808852329678089"
          },
          "sensitive_attributes": [],
          "private": "eyJlMmJmYjczMC1lY2FhLTExZTYtOGY4OC0zNDM2M2JjN2M0YzAiOnsiY3JlYXRlIjozMDAwMDAwMDAwMDB9fQ=="
        },
        {
          "index_key": "test1234",
          "schema_version": 0,
          "attributes": {
            "account_id": "test1234",
            "description": "test1234",
            "disabled": false,
            "display_name": "",
            "email": "test1234@ask-proj-25.iam.gserviceaccount.com",
            "id": "projects/ask-proj-25/serviceAccounts/test1234@ask-proj-25.iam.gserviceaccount.com",
            "member": "serviceAccount:test1234@ask-proj-25.iam.gserviceaccount.com",
            "name": "projects/ask-proj-25/serviceAccounts/test1234@ask-proj-25.iam.gserviceaccount.com",
            "project": "ask-proj-25",
            "timeouts": null,
            "unique_id": "103778054023258384897"
          },
          "sensitive_attributes": [],
          "private": "eyJlMmJmYjczMC1lY2FhLTExZTYtOGY4OC0zNDM2M2JjN2M0YzAiOnsiY3JlYXRlIjozMDAwMDAwMDAwMDB9fQ=="
        }
      ]
    },
    {
      "module": "module.project-init",
      "mode": "managed",
      "type": "google_service_account",
      "name": "sa_core_viewer",
      "provider": "provider[\"registry.terraform.io/hashicorp/google\"]",
      "instances": [
        {
          "schema_version": 0,
          "attributes": {
            "account_id": "gcp-25-core-viewer",
            "description": "",
            "disabled": false,
            "display_name": "",
            "email": "gcp-25-core-viewer@ask-proj-25.iam.gserviceaccount.com",
            "id": "projects/ask-proj-25/serviceAccounts/gcp-25-core-viewer@ask-proj-25.iam.gserviceaccount.com",
            "member": "serviceAccount:gcp-25-core-viewer@ask-proj-25.iam.gserviceaccount.com",
            "name": "projects/ask-proj-25/serviceAccounts/gcp-25-core-viewer@ask-proj-25.iam.gserviceaccount.com",
            "project": "ask-proj-25",
            "timeouts": null,
            "unique_id": "103158576715453161278"
          },
          "sensitive_attributes": [],
          "private": "eyJlMmJmYjczMC1lY2FhLTExZTYtOGY4OC0zNDM2M2JjN2M0YzAiOnsiY3JlYXRlIjozMDAwMDAwMDAwMDB9fQ=="
        }
      ]
    },
    {
      "module": "module.project-init",
      "mode": "managed",
      "type": "google_service_account_iam_member",
      "name": "cicd_binding1",
      "provider": "provider[\"registry.terraform.io/hashicorp/google\"]",
      "instances": [
        {
          "index_key": "test-run",
          "schema_version": 0,
          "attributes": {
            "condition": [],
            "etag": "BwYIg999wEY=",
            "id": "projects/ask-proj-25/serviceAccounts/test-run@ask-proj-25.iam.gserviceaccount.com/roles/iam.serviceAccountUser/serviceAccount:cicd-terra@ask-proj-25.iam.gserviceaccount.com",
            "member": "serviceAccount:cicd-terra@ask-proj-25.iam.gserviceaccount.com",
            "role": "roles/iam.serviceAccountUser",
            "service_account_id": "projects/ask-proj-25/serviceAccounts/test-run@ask-proj-25.iam.gserviceaccount.com"
          },
          "sensitive_attributes": [],
          "private": "bnVsbA==",
          "dependencies": [
            "module.project-init.data.google_project.my_project",
            "module.project-init.google_project_service.gcp_services_enable",
            "module.project-init.google_project_service.gcp_services_enable_default",
            "module.project-init.google_service_account.custom_sa"
          ]
        },
        {
          "index_key": "test-vm",
          "schema_version": 0,
          "attributes": {
            "condition": [],
            "etag": "BwYIiDYiR/A=",
            "id": "projects/ask-proj-25/serviceAccounts/test-vm@ask-proj-25.iam.gserviceaccount.com/roles/iam.serviceAccountUser/serviceAccount:cicd-terra@ask-proj-25.iam.gserviceaccount.com",
            "member": "serviceAccount:cicd-terra@ask-proj-25.iam.gserviceaccount.com",
            "role": "roles/iam.serviceAccountUser",
            "service_account_id": "projects/ask-proj-25/serviceAccounts/test-vm@ask-proj-25.iam.gserviceaccount.com"
          },
          "sensitive_attributes": [],
          "private": "bnVsbA==",
          "dependencies": [
            "module.project-init.data.google_project.my_project",
            "module.project-init.google_project_service.gcp_services_enable",
            "module.project-init.google_project_service.gcp_services_enable_default",
            "module.project-init.google_service_account.custom_sa"
          ]
        },
        {
          "index_key": "test1234",
          "schema_version": 0,
          "attributes": {
            "condition": [],
            "etag": "BwYIg9+BMMI=",
            "id": "projects/ask-proj-25/serviceAccounts/test1234@ask-proj-25.iam.gserviceaccount.com/roles/iam.serviceAccountUser/serviceAccount:cicd-terra@ask-proj-25.iam.gserviceaccount.com",
            "member": "serviceAccount:cicd-terra@ask-proj-25.iam.gserviceaccount.com",
            "role": "roles/iam.serviceAccountUser",
            "service_account_id": "projects/ask-proj-25/serviceAccounts/test1234@ask-proj-25.iam.gserviceaccount.com"
          },
          "sensitive_attributes": [],
          "private": "bnVsbA==",
          "dependencies": [
            "module.project-init.data.google_project.my_project",
            "module.project-init.google_project_service.gcp_services_enable",
            "module.project-init.google_project_service.gcp_services_enable_default",
            "module.project-init.google_service_account.custom_sa"
          ]
        }
      ]
    },
    {
      "module": "module.project-init",
      "mode": "managed",
      "type": "google_service_account_iam_member",
      "name": "cicd_binding2",
      "provider": "provider[\"registry.terraform.io/hashicorp/google\"]",
      "instances": [
        {
          "index_key": "test-run",
          "schema_version": 0,
          "attributes": {
            "condition": [],
            "etag": "BwYIg999wEY=",
            "id": "projects/ask-proj-25/serviceAccounts/test-run@ask-proj-25.iam.gserviceaccount.com/roles/iam.serviceAccountTokenCreator/serviceAccount:cicd-terra@ask-proj-25.iam.gserviceaccount.com",
            "member": "serviceAccount:cicd-terra@ask-proj-25.iam.gserviceaccount.com",
            "role": "roles/iam.serviceAccountTokenCreator",
            "service_account_id": "projects/ask-proj-25/serviceAccounts/test-run@ask-proj-25.iam.gserviceaccount.com"
          },
          "sensitive_attributes": [],
          "private": "bnVsbA==",
          "dependencies": [
            "module.project-init.data.google_project.my_project",
            "module.project-init.google_project_service.gcp_services_enable",
            "module.project-init.google_project_service.gcp_services_enable_default",
            "module.project-init.google_service_account.custom_sa"
          ]
        },
        {
          "index_key": "test-vm",
          "schema_version": 0,
          "attributes": {
            "condition": [],
            "etag": "BwYIiDYiR/A=",
            "id": "projects/ask-proj-25/serviceAccounts/test-vm@ask-proj-25.iam.gserviceaccount.com/roles/iam.serviceAccountTokenCreator/serviceAccount:cicd-terra@ask-proj-25.iam.gserviceaccount.com",
            "member": "serviceAccount:cicd-terra@ask-proj-25.iam.gserviceaccount.com",
            "role": "roles/iam.serviceAccountTokenCreator",
            "service_account_id": "projects/ask-proj-25/serviceAccounts/test-vm@ask-proj-25.iam.gserviceaccount.com"
          },
          "sensitive_attributes": [],
          "private": "bnVsbA==",
          "dependencies": [
            "module.project-init.data.google_project.my_project",
            "module.project-init.google_project_service.gcp_services_enable",
            "module.project-init.google_project_service.gcp_services_enable_default",
            "module.project-init.google_service_account.custom_sa"
          ]
        },
        {
          "index_key": "test1234",
          "schema_version": 0,
          "attributes": {
            "condition": [],
            "etag": "BwYIg9+BMMI=",
            "id": "projects/ask-proj-25/serviceAccounts/test1234@ask-proj-25.iam.gserviceaccount.com/roles/iam.serviceAccountTokenCreator/serviceAccount:cicd-terra@ask-proj-25.iam.gserviceaccount.com",
            "member": "serviceAccount:cicd-terra@ask-proj-25.iam.gserviceaccount.com",
            "role": "roles/iam.serviceAccountTokenCreator",
            "service_account_id": "projects/ask-proj-25/serviceAccounts/test1234@ask-proj-25.iam.gserviceaccount.com"
          },
          "sensitive_attributes": [],
          "private": "bnVsbA==",
          "dependencies": [
            "module.project-init.data.google_project.my_project",
            "module.project-init.google_project_service.gcp_services_enable",
            "module.project-init.google_project_service.gcp_services_enable_default",
            "module.project-init.google_service_account.custom_sa"
          ]
        }
      ]
    },
    {
      "module": "module.project-network",
      "mode": "managed",
      "type": "google_compute_network",
      "name": "vpc1",
      "provider": "provider[\"registry.terraform.io/hashicorp/google\"]",
      "instances": [
        {
          "schema_version": 0,
          "attributes": {
            "auto_create_subnetworks": false,
            "delete_default_routes_on_create": false,
            "description": "",
            "enable_ula_internal_ipv6": false,
            "gateway_ipv4": "",
            "id": "projects/ask-proj-25/global/networks/network-1",
            "internal_ipv6_range": "",
            "mtu": 1460,
            "name": "network-1",
            "project": "ask-proj-25",
            "routing_mode": "GLOBAL",
            "self_link": "https://www.googleapis.com/compute/v1/projects/ask-proj-25/global/networks/network-1",
            "timeouts": null
          },
          "sensitive_attributes": [],
          "private": "eyJlMmJmYjczMC1lY2FhLTExZTYtOGY4OC0zNDM2M2JjN2M0YzAiOnsiY3JlYXRlIjoxMjAwMDAwMDAwMDAwLCJkZWxldGUiOjEyMDAwMDAwMDAwMDAsInVwZGF0ZSI6MTIwMDAwMDAwMDAwMH19",
          "dependencies": [
            "module.project-init.data.google_project.my_project",
            "module.project-init.google_project_iam_member.sa_core-viewer-binding",
            "module.project-init.google_project_service.gcp_services_enable",
            "module.project-init.google_project_service.gcp_services_enable_default",
            "module.project-init.google_service_account.custom_sa",
            "module.project-init.google_service_account.sa_core_viewer",
            "module.project-init.google_service_account_iam_member.cicd_binding1",
            "module.project-init.google_service_account_iam_member.cicd_binding2"
          ]
        }
      ]
    }
  ],
  "check_results": null
}
