{
  "version": 4,
  "terraform_version": "1.5.4",
  "serial": 138,
  "lineage": "a156e4ef-d08f-df69-c70a-62ef0b88af02",
  "outputs": {
    "project_number": {
      "value": "207313648487",
      "type": "string"
    },
    "sa_output": {
      "value": [
        {
          "custom-sa-1": "aaaaaaaaaaaa"
        },
        {
          "custom-sa-2": "bbbbbbbbbbbbb"
        },
        {
          "custom-sa-3": "cccccccccccccccc"
        },
        {
          "custom-sa-4": "dddddddddddev"
        }
      ],
      "type": [
        "tuple",
        [
          [
            "object",
            {
              "custom-sa-1": "string"
            }
          ],
          [
            "object",
            {
              "custom-sa-2": "string"
            }
          ],
          [
            "object",
            {
              "custom-sa-3": "string"
            }
          ],
          [
            "object",
            {
              "custom-sa-4": "string"
            }
          ]
        ]
      ]
    }
  },
  "resources": [
    {
      "mode": "data",
      "type": "google_project",
      "name": "my_project",
      "provider": "provider[\"registry.terraform.io/hashicorp/google\"]",
      "instances": [
        {
          "schema_version": 0,
          "attributes": {
            "auto_create_network": null,
            "billing_account": null,
            "folder_id": null,
            "id": "projects/ask-proj-25",
            "labels": {},
            "name": "ask-proj-25",
            "number": "207313648487",
            "org_id": null,
            "project_id": "ask-proj-25",
            "skip_delete": null
          },
          "sensitive_attributes": []
        }
      ]
    },
    {
      "module": "module.project-init",
      "mode": "data",
      "type": "google_project",
      "name": "my_project",
      "provider": "provider[\"registry.terraform.io/hashicorp/google\"]",
      "instances": [
        {
          "schema_version": 0,
          "attributes": {
            "auto_create_network": null,
            "billing_account": null,
            "folder_id": null,
            "id": "projects/ask-proj-25",
            "labels": {},
            "name": "ask-proj-25",
            "number": "207313648487",
            "org_id": null,
            "project_id": "ask-proj-25",
            "skip_delete": null
          },
          "sensitive_attributes": []
        }
      ]
    },
    {
      "module": "module.project-init",
      "mode": "managed",
      "type": "google_project_iam_member",
      "name": "sa_core-viewer-binding",
      "provider": "provider[\"registry.terraform.io/hashicorp/google\"]",
      "instances": [
        {
          "schema_version": 0,
          "attributes": {
            "condition": [],
            "etag": "BwYBxJACegg=",
            "id": "ask-proj-25/roles/viewer/serviceAccount:gcp-25-core-viewer@ask-proj-25.iam.gserviceaccount.com",
            "member": "serviceAccount:gcp-25-core-viewer@ask-proj-25.iam.gserviceaccount.com",
            "project": "ask-proj-25",
            "role": "roles/viewer"
          },
          "sensitive_attributes": [],
          "private": "bnVsbA==",
          "dependencies": [
            "module.project-init.google_service_account.service_account"
          ]
        }
      ]
    },
    {
      "module": "module.project-init",
      "mode": "managed",
      "type": "google_project_service",
      "name": "gcp_services_enable",
      "provider": "provider[\"registry.terraform.io/hashicorp/google\"]",
      "instances": [
        {
          "index_key": "storage.googleapis.com",
          "schema_version": 0,
          "attributes": {
            "disable_dependent_services": null,
            "disable_on_destroy": false,
            "id": "ask-proj-25/storage.googleapis.com",
            "project": "ask-proj-25",
            "service": "storage.googleapis.com",
            "timeouts": null
          },
          "sensitive_attributes": [],
          "private": "eyJlMmJmYjczMC1lY2FhLTExZTYtOGY4OC0zNDM2M2JjN2M0YzAiOnsiY3JlYXRlIjoxMjAwMDAwMDAwMDAwLCJkZWxldGUiOjEyMDAwMDAwMDAwMDAsInJlYWQiOjYwMDAwMDAwMDAwMCwidXBkYXRlIjoxMjAwMDAwMDAwMDAwfX0="
        }
      ]
    },
    {
      "module": "module.project-init",
      "mode": "managed",
      "type": "google_project_service",
      "name": "gcp_services_enable_default",
      "provider": "provider[\"registry.terraform.io/hashicorp/google\"]",
      "instances": [
        {
          "index_key": "cloudapis.googleapis.com",
          "schema_version": 0,
          "attributes": {
            "disable_dependent_services": null,
            "disable_on_destroy": false,
            "id": "ask-proj-25/cloudapis.googleapis.com",
            "project": "ask-proj-25",
            "service": "cloudapis.googleapis.com",
            "timeouts": null
          },
          "sensitive_attributes": [],
          "private": "eyJlMmJmYjczMC1lY2FhLTExZTYtOGY4OC0zNDM2M2JjN2M0YzAiOnsiY3JlYXRlIjoxMjAwMDAwMDAwMDAwLCJkZWxldGUiOjEyMDAwMDAwMDAwMDAsInJlYWQiOjYwMDAwMDAwMDAwMCwidXBkYXRlIjoxMjAwMDAwMDAwMDAwfX0="
        },
        {
          "index_key": "cloudresourcemanager.googleapis.com",
          "schema_version": 0,
          "attributes": {
            "disable_dependent_services": null,
            "disable_on_destroy": false,
            "id": "ask-proj-25/cloudresourcemanager.googleapis.com",
            "project": "ask-proj-25",
            "service": "cloudresourcemanager.googleapis.com",
            "timeouts": null
          },
          "sensitive_attributes": [],
          "private": "eyJlMmJmYjczMC1lY2FhLTExZTYtOGY4OC0zNDM2M2JjN2M0YzAiOnsiY3JlYXRlIjoxMjAwMDAwMDAwMDAwLCJkZWxldGUiOjEyMDAwMDAwMDAwMDAsInJlYWQiOjYwMDAwMDAwMDAwMCwidXBkYXRlIjoxMjAwMDAwMDAwMDAwfX0="
        },
        {
          "index_key": "compute.googleapis.com",
          "schema_version": 0,
          "attributes": {
            "disable_dependent_services": null,
            "disable_on_destroy": false,
            "id": "ask-proj-25/compute.googleapis.com",
            "project": "ask-proj-25",
            "service": "compute.googleapis.com",
            "timeouts": null
          },
          "sensitive_attributes": [],
          "private": "eyJlMmJmYjczMC1lY2FhLTExZTYtOGY4OC0zNDM2M2JjN2M0YzAiOnsiY3JlYXRlIjoxMjAwMDAwMDAwMDAwLCJkZWxldGUiOjEyMDAwMDAwMDAwMDAsInJlYWQiOjYwMDAwMDAwMDAwMCwidXBkYXRlIjoxMjAwMDAwMDAwMDAwfX0="
        },
        {
          "index_key": "iam.googleapis.com",
          "schema_version": 0,
          "attributes": {
            "disable_dependent_services": null,
            "disable_on_destroy": false,
            "id": "ask-proj-25/iam.googleapis.com",
            "project": "ask-proj-25",
            "service": "iam.googleapis.com",
            "timeouts": null
          },
          "sensitive_attributes": [],
          "private": "eyJlMmJmYjczMC1lY2FhLTExZTYtOGY4OC0zNDM2M2JjN2M0YzAiOnsiY3JlYXRlIjoxMjAwMDAwMDAwMDAwLCJkZWxldGUiOjEyMDAwMDAwMDAwMDAsInJlYWQiOjYwMDAwMDAwMDAwMCwidXBkYXRlIjoxMjAwMDAwMDAwMDAwfX0="
        },
        {
          "index_key": "logging.googleapis.com",
          "schema_version": 0,
          "attributes": {
            "disable_dependent_services": null,
            "disable_on_destroy": false,
            "id": "ask-proj-25/logging.googleapis.com",
            "project": "ask-proj-25",
            "service": "logging.googleapis.com",
            "timeouts": null
          },
          "sensitive_attributes": [],
          "private": "eyJlMmJmYjczMC1lY2FhLTExZTYtOGY4OC0zNDM2M2JjN2M0YzAiOnsiY3JlYXRlIjoxMjAwMDAwMDAwMDAwLCJkZWxldGUiOjEyMDAwMDAwMDAwMDAsInJlYWQiOjYwMDAwMDAwMDAwMCwidXBkYXRlIjoxMjAwMDAwMDAwMDAwfX0="
        },
        {
          "index_key": "monitoring.googleapis.com",
          "schema_version": 0,
          "attributes": {
            "disable_dependent_services": null,
            "disable_on_destroy": false,
            "id": "ask-proj-25/monitoring.googleapis.com",
            "project": "ask-proj-25",
            "service": "monitoring.googleapis.com",
            "timeouts": null
          },
          "sensitive_attributes": [],
          "private": "eyJlMmJmYjczMC1lY2FhLTExZTYtOGY4OC0zNDM2M2JjN2M0YzAiOnsiY3JlYXRlIjoxMjAwMDAwMDAwMDAwLCJkZWxldGUiOjEyMDAwMDAwMDAwMDAsInJlYWQiOjYwMDAwMDAwMDAwMCwidXBkYXRlIjoxMjAwMDAwMDAwMDAwfX0="
        },
        {
          "index_key": "oslogin.googleapis.com",
          "schema_version": 0,
          "attributes": {
            "disable_dependent_services": null,
            "disable_on_destroy": false,
            "id": "ask-proj-25/oslogin.googleapis.com",
            "project": "ask-proj-25",
            "service": "oslogin.googleapis.com",
            "timeouts": null
          },
          "sensitive_attributes": [],
          "private": "eyJlMmJmYjczMC1lY2FhLTExZTYtOGY4OC0zNDM2M2JjN2M0YzAiOnsiY3JlYXRlIjoxMjAwMDAwMDAwMDAwLCJkZWxldGUiOjEyMDAwMDAwMDAwMDAsInJlYWQiOjYwMDAwMDAwMDAwMCwidXBkYXRlIjoxMjAwMDAwMDAwMDAwfX0="
        }
      ]
    },
    {
      "module": "module.project-init",
      "mode": "managed",
      "type": "google_service_account",
      "name": "custom_sa",
      "provider": "provider[\"registry.terraform.io/hashicorp/google\"]",
      "instances": [
        {
          "index_key": "test-run",
          "schema_version": 0,
          "attributes": {
            "account_id": "test-run",
            "description": "test-run",
            "disabled": false,
            "display_name": "",
            "email": "test-run@ask-proj-25.iam.gserviceaccount.com",
            "id": "projects/ask-proj-25/serviceAccounts/test-run@ask-proj-25.iam.gserviceaccount.com",
            "member": "serviceAccount:test-run@ask-proj-25.iam.gserviceaccount.com",
            "name": "projects/ask-proj-25/serviceAccounts/test-run@ask-proj-25.iam.gserviceaccount.com",
            "project": "ask-proj-25",
            "timeouts": null,
            "unique_id": "113430493791048522549"
          },
          "sensitive_attributes": [],
          "private": "eyJlMmJmYjczMC1lY2FhLTExZTYtOGY4OC0zNDM2M2JjN2M0YzAiOnsiY3JlYXRlIjozMDAwMDAwMDAwMDB9fQ=="
        },
        {
          "index_key": "test-vm",
          "schema_version": 0,
          "attributes": {
            "account_id": "test-vm",
            "description": "test-vm",
            "disabled": false,
            "display_name": "",
            "email": "test-vm@ask-proj-25.iam.gserviceaccount.com",
            "id": "projects/ask-proj-25/serviceAccounts/test-vm@ask-proj-25.iam.gserviceaccount.com",
            "member": "serviceAccount:test-vm@ask-proj-25.iam.gserviceaccount.com",
            "name": "projects/ask-proj-25/serviceAccounts/test-vm@ask-proj-25.iam.gserviceaccount.com",
            "project": "ask-proj-25",
            "timeouts": null,
            "unique_id": "114941872267247094408"
          },
          "sensitive_attributes": [],
          "private": "eyJlMmJmYjczMC1lY2FhLTExZTYtOGY4OC0zNDM2M2JjN2M0YzAiOnsiY3JlYXRlIjozMDAwMDAwMDAwMDB9fQ=="
        },
        {
          "index_key": "test1234",
          "schema_version": 0,
          "attributes": {
            "account_id": "test1234",
            "description": "test1234",
            "disabled": false,
            "display_name": "",
            "email": "test1234@ask-proj-25.iam.gserviceaccount.com",
            "id": "projects/ask-proj-25/serviceAccounts/test1234@ask-proj-25.iam.gserviceaccount.com",
            "member": "serviceAccount:test1234@ask-proj-25.iam.gserviceaccount.com",
            "name": "projects/ask-proj-25/serviceAccounts/test1234@ask-proj-25.iam.gserviceaccount.com",
            "project": "ask-proj-25",
            "timeouts": null,
            "unique_id": "107656573297546564302"
          },
          "sensitive_attributes": [],
          "private": "eyJlMmJmYjczMC1lY2FhLTExZTYtOGY4OC0zNDM2M2JjN2M0YzAiOnsiY3JlYXRlIjozMDAwMDAwMDAwMDB9fQ=="
        }
      ]
    },
    {
      "module": "module.project-init",
      "mode": "managed",
      "type": "google_service_account",
      "name": "service_account",
      "provider": "provider[\"registry.terraform.io/hashicorp/google\"]",
      "instances": [
        {
          "schema_version": 0,
          "attributes": {
            "account_id": "gcp-25-core-viewer",
            "description": "",
            "disabled": false,
            "display_name": "",
            "email": "gcp-25-core-viewer@ask-proj-25.iam.gserviceaccount.com",
            "id": "projects/ask-proj-25/serviceAccounts/gcp-25-core-viewer@ask-proj-25.iam.gserviceaccount.com",
            "member": "serviceAccount:gcp-25-core-viewer@ask-proj-25.iam.gserviceaccount.com",
            "name": "projects/ask-proj-25/serviceAccounts/gcp-25-core-viewer@ask-proj-25.iam.gserviceaccount.com",
            "project": "ask-proj-25",
            "timeouts": null,
            "unique_id": "109751029958553885977"
          },
          "sensitive_attributes": [],
          "private": "eyJlMmJmYjczMC1lY2FhLTExZTYtOGY4OC0zNDM2M2JjN2M0YzAiOnsiY3JlYXRlIjozMDAwMDAwMDAwMDB9fQ=="
        }
      ]
    }
  ],
  "check_results": null
}
